
Microsoft Visual Studio Solution File, Format Version 12.00
# Visual Studio 16
Project("{FAE04EC0-301F-11D3-BF4B-00C04F79EFBC}") = "Assembly-CSharp", "Assembly-CSharp.csproj", "{1F99E701-B0AA-B7F3-60CF-C896739CEFE6}"
EndProject
Project("{FAE04EC0-301F-11D3-BF4B-00C04F79EFBC}") = "Assembly-CSharp-Editor-firstpass", "Assembly-CSharp-Editor-firstpass.csproj", "{CECE4918-C177-389E-C6D4-493321B0A825}"
EndProject
Global
	GlobalSection(SolutionConfigurationPlatforms) = preSolution
		Debug|Any CPU = Debug|Any CPU
		Release|Any CPU = Release|Any CPU
	EndGlobalSection
	GlobalSection(ProjectConfigurationPlatforms) = postSolution
		{1F99E701-B0AA-B7F3-60CF-C896739CEFE6}.Debug|Any CPU.ActiveCfg = Debug|Any CPU
		{1F99E701-B0AA-B7F3-60CF-C896739CEFE6}.Debug|Any CPU.Build.0 = Debug|Any CPU
		{1F99E701-B0AA-B7F3-60CF-C896739CEFE6}.Release|Any CPU.ActiveCfg = Release|Any CPU
		{1F99E701-B0AA-B7F3-60CF-C896739CEFE6}.Release|Any CPU.Build.0 = Release|Any CPU
		{CECE4918-C177-389E-C6D4-493321B0A825}.Debug|Any CPU.ActiveCfg = Debug|Any CPU
		{CECE4918-C177-389E-C6D4-493321B0A825}.Debug|Any CPU.Build.0 = Debug|Any CPU
		{CECE4918-C177-389E-C6D4-493321B0A825}.Release|Any CPU.ActiveCfg = Release|Any CPU
		{CECE4918-C177-389E-C6D4-493321B0A825}.Release|Any CPU.Build.0 = Release|Any CPU
	EndGlobalSection
	GlobalSection(SolutionProperties) = preSolution
		HideSolutionNode = FALSE
	EndGlobalSection
EndGlobal
